// !$*UTF8*$!
{
	archiveVersion = 1;
	classes = {
	};
	objectVersion = 46;
	objects = {

/* Begin PBXBuildFile section */
		8D154F72BA10543BE60FCDF9 /* Pods_rainyshiny.framework in Frameworks */ = {isa = PBXBuildFile; fileRef = 43073D9BACA499CF27F1251C /* Pods_rainyshiny.framework */; };
		CB6A71781DCA873E00A2C49B /* AppDelegate.swift in Sources */ = {isa = PBXBuildFile; fileRef = CB6A71771DCA873E00A2C49B /* AppDelegate.swift */; };
		CB6A717A1DCA873E00A2C49B /* ViewController.swift in Sources */ = {isa = PBXBuildFile; fileRef = CB6A71791DCA873E00A2C49B /* ViewController.swift */; };
		CB6A717D1DCA873E00A2C49B /* Main.storyboard in Resources */ = {isa = PBXBuildFile; fileRef = CB6A717B1DCA873E00A2C49B /* Main.storyboard */; };
		CB6A717F1DCA873E00A2C49B /* Assets.xcassets in Resources */ = {isa = PBXBuildFile; fileRef = CB6A717E1DCA873E00A2C49B /* Assets.xcassets */; };
		CB6A71821DCA873E00A2C49B /* LaunchScreen.storyboard in Resources */ = {isa = PBXBuildFile; fileRef = CB6A71801DCA873E00A2C49B /* LaunchScreen.storyboard */; };
/* End PBXBuildFile section */

/* Begin PBXFileReference section */
		43073D9BACA499CF27F1251C /* Pods_rainyshiny.framework */ = {isa = PBXFileReference; explicitFileType = wrapper.framework; includeInIndex = 0; path = Pods_rainyshiny.framework; sourceTree = BUILT_PRODUCTS_DIR; };
		858CA8DD523BCCAF9359E7FD /* Pods-rainyshiny.debug.xcconfig */ = {isa = PBXFileReference; includeInIndex = 1; lastKnownFileType = text.xcconfig; name = "Pods-rainyshiny.debug.xcconfig"; path = "Pods/Target Support Files/Pods-rainyshiny/Pods-rainyshiny.debug.xcconfig"; sourceTree = "<group>"; };
		AF273465D17BCCA97848A517 /* Pods-rainyshiny.release.xcconfig */ = {isa = PBXFileReference; includeInIndex = 1; lastKnownFileType = text.xcconfig; name = "Pods-rainyshiny.release.xcconfig"; path = "Pods/Target Support Files/Pods-rainyshiny/Pods-rainyshiny.release.xcconfig"; sourceTree = "<group>"; };
		CB6A71741DCA873E00A2C49B /* rainyshiny.app */ = {isa = PBXFileReference; explicitFileType = wrapper.application; includeInIndex = 0; path = rainyshiny.app; sourceTree = BUILT_PRODUCTS_DIR; };
		CB6A71771DCA873E00A2C49B /* AppDelegate.swift */ = {isa = PBXFileReference; lastKnownFileType = sourcecode.swift; path = AppDelegate.swift; sourceTree = "<group>"; };
		CB6A71791DCA873E00A2C49B /* ViewController.swift */ = {isa = PBXFileReference; lastKnownFileType = sourcecode.swift; path = ViewController.swift; sourceTree = "<group>"; };
		CB6A717C1DCA873E00A2C49B /* Base */ = {isa = PBXFileReference; lastKnownFileType = file.storyboard; name = Base; path = Base.lproj/Main.storyboard; sourceTree = "<group>"; };
		CB6A717E1DCA873E00A2C49B /* Assets.xcassets */ = {isa = PBXFileReference; lastKnownFileType = folder.assetcatalog; path = Assets.xcassets; sourceTree = "<group>"; };
		CB6A71811DCA873E00A2C49B /* Base */ = {isa = PBXFileReference; lastKnownFileType = file.storyboard; name = Base; path = Base.lproj/LaunchScreen.storyboard; sourceTree = "<group>"; };
		CB6A71831DCA873E00A2C49B /* Info.plist */ = {isa = PBXFileReference; lastKnownFileType = text.plist.xml; path = Info.plist; sourceTree = "<group>"; };
/* End PBXFileReference section */

/* Begin PBXFrameworksBuildPhase section */
		CB6A71711DCA873E00A2C49B /* Frameworks */ = {
			isa = PBXFrameworksBuildPhase;
			buildActionMask = 2147483647;
			files = (
				8D154F72BA10543BE60FCDF9 /* Pods_rainyshiny.framework in Frameworks */,
			);
			runOnlyForDeploymentPostprocessing = 0;
		};
/* End PBXFrameworksBuildPhase section */

/* Begin PBXGroup section */
		138997E29A0C837C342B731C /* Pods */ = {
			isa = PBXGroup;
			children = (
				858CA8DD523BCCAF9359E7FD /* Pods-rainyshiny.debug.xcconfig */,
				AF273465D17BCCA97848A517 /* Pods-rainyshiny.release.xcconfig */,
			);
			name = Pods;
			sourceTree = "<group>";
		};
		CB6A716B1DCA873E00A2C49B = {
			isa = PBXGroup;
			children = (
				CB6A71761DCA873E00A2C49B /* rainyshiny */,
				CB6A71751DCA873E00A2C49B /* Products */,
				138997E29A0C837C342B731C /* Pods */,
				F5AC6A22C04AB0C239B7BE77 /* Frameworks */,
			);
			sourceTree = "<group>";
		};
		CB6A71751DCA873E00A2C49B /* Products */ = {
			isa = PBXGroup;
			children = (
				CB6A71741DCA873E00A2C49B /* rainyshiny.app */,
			);
			name = Products;
			sourceTree = "<group>";
		};
		CB6A71761DCA873E00A2C49B /* rainyshiny */ = {
			isa = PBXGroup;
			children = (
				CB6A71771DCA873E00A2C49B /* AppDelegate.swift */,
				CB6A71791DCA873E00A2C49B /* ViewController.swift */,
				CB6A717B1DCA873E00A2C49B /* Main.storyboard */,
				CB6A717E1DCA873E00A2C49B /* Assets.xcassets */,
				CB6A71801DCA873E00A2C49B /* LaunchScreen.storyboard */,
				CB6A71831DCA873E00A2C49B /* Info.plist */,
			);
			path = rainyshiny;
			sourceTree = "<group>";
		};
		F5AC6A22C04AB0C239B7BE77 /* Frameworks */ = {
			isa = PBXGroup;
			children = (
				43073D9BACA499CF27F1251C /* Pods_rainyshiny.framework */,
			);
			name = Frameworks;
			sourceTree = "<group>";
		};
/* End PBXGroup section */

/* Begin PBXNativeTarget section */
		CB6A71731DCA873E00A2C49B /* rainyshiny */ = {
			isa = PBXNativeTarget;
			buildConfigurationList = CB6A71861DCA873E00A2C49B /* Build configuration list for PBXNativeTarget "rainyshiny" */;
			buildPhases = (
				6A1C61A2AEA66424C27E1211 /* [CP] Check Pods Manifest.lock */,
				CB6A71701DCA873E00A2C49B /* Sources */,
				CB6A71711DCA873E00A2C49B /* Frameworks */,
				CB6A71721DCA873E00A2C49B /* Resources */,
				7FF0A67F5EA9379D429CB8A8 /* [CP] Embed Pods Frameworks */,
				93C324A90BB049B7704C6AE3 /* [CP] Copy Pods Resources */,
			);
			buildRules = (
			);
			dependencies = (
			);
			name = rainyshiny;
			productName = rainyshiny;
			productReference = CB6A71741DCA873E00A2C49B /* rainyshiny.app */;
			productType = "com.apple.product-type.application";
		};
/* End PBXNativeTarget section */

/* Begin PBXProject section */
		CB6A716C1DCA873E00A2C49B /* Project object */ = {
			isa = PBXProject;
			attributes = {
				LastSwiftUpdateCheck = 0800;
				LastUpgradeCheck = 0800;
				ORGANIZATIONNAME = WeiShengkun;
				TargetAttributes = {
					CB6A71731DCA873E00A2C49B = {
						CreatedOnToolsVersion = 8.0;
						ProvisioningStyle = Automatic;
					};
				};
			};
			buildConfigurationList = CB6A716F1DCA873E00A2C49B /* Build configuration list for PBXProject "rainyshiny" */;
			compatibilityVersion = "Xcode 3.2";
			developmentRegion = English;
			hasScannedForEncodings = 0;
			knownRegions = (
				en,
				Base,
			);
			mainGroup = CB6A716B1DCA873E00A2C49B;
			productRefGroup = CB6A71751DCA873E00A2C49B /* Products */;
			projectDirPath = "";
			projectRoot = "";
			targets = (
				CB6A71731DCA873E00A2C49B /* rainyshiny */,
			);
		};
/* End PBXProject section */

/* Begin PBXResourcesBuildPhase section */
		CB6A71721DCA873E00A2C49B /* Resources */ = {
			isa = PBXResourcesBuildPhase;
			buildActionMask = 2147483647;
			files = (
				CB6A71821DCA873E00A2C49B /* LaunchScreen.storyboard in Resources */,
				CB6A717F1DCA873E00A2C49B /* Assets.xcassets in Resources */,
				CB6A717D1DCA873E00A2C49B /* Main.storyboard in Resources */,
			);
			runOnlyForDeploymentPostprocessing = 0;
		};
/* End PBXResourcesBuildPhase section */

/* Begin PBXShellScriptBuildPhase section */
		6A1C61A2AEA66424C27E1211 /* [CP] Check Pods Manifest.lock */ = {
			isa = PBXShellScriptBuildPhase;
			buildActionMask = 2147483647;
			files = (
			);
			inputPaths = (
			);
			name = "[CP] Check Pods Manifest.lock";
			outputPaths = (
			);
			runOnlyForDeploymentPostprocessing = 0;
			shellPath = /bin/sh;
			shellScript = "diff \"${PODS_ROOT}/../Podfile.lock\" \"${PODS_ROOT}/Manifest.lock\" > /dev/null\nif [ $? != 0 ] ; then\n    # print error to STDERR\n    echo \"error: The sandbox is not in sync with the Podfile.lock. Run \'pod install\' or update your CocoaPods installation.\" >&2\n    exit 1\nfi\n";
			showEnvVarsInLog = 0;
		};
		7FF0A67F5EA9379D429CB8A8 /* [CP] Embed Pods Frameworks */ = {
			isa = PBXShellScriptBuildPhase;
			buildActionMask = 2147483647;
			files = (
			);
			inputPaths = (
			);
			name = "[CP] Embed Pods Frameworks";
			outputPaths = (
			);
			runOnlyForDeploymentPostprocessing = 0;
			shellPath = /bin/sh;
			shellScript = "\"${SRCROOT}/Pods/Target Support Files/Pods-rainyshiny/Pods-rainyshiny-frameworks.sh\"\n";
			showEnvVarsInLog = 0;
		};
		93C324A90BB049B7704C6AE3 /* [CP] Copy Pods Resources */ = {
			isa = PBXShellScriptBuildPhase;
			buildActionMask = 2147483647;
			files = (
			);
			inputPaths = (
			);
			name = "[CP] Copy Pods Resources";
			outputPaths = (
			);
			runOnlyForDeploymentPostprocessing = 0;
			shellPath = /bin/sh;
			shellScript = "\"${SRCROOT}/Pods/Target Support Files/Pods-rainyshiny/Pods-rainyshiny-resources.sh\"\n";
			showEnvVarsInLog = 0;
		};
/* End PBXShellScriptBuildPhase section */

/* Begin PBXSourcesBuildPhase section */
		CB6A71701DCA873E00A2C49B /* Sources */ = {
			isa = PBXSourcesBuildPhase;
			buildActionMask = 2147483647;
			files = (
				CB6A717A1DCA873E00A2C49B /* ViewController.swift in Sources */,
				CB6A71781DCA873E00A2C49B /* AppDelegate.swift in Sources */,
			);
			runOnlyForDeploymentPostprocessing = 0;
		};
/* End PBXSourcesBuildPhase section */

/* Begin PBXVariantGroup section */
		CB6A717B1DCA873E00A2C49B /* Main.storyboard */ = {
			isa = PBXVariantGroup;
			children = (
				CB6A717C1DCA873E00A2C49B /* Base */,
			);
			name = Main.storyboard;
			sourceTree = "<group>";
		};
		CB6A71801DCA873E00A2C49B /* LaunchScreen.storyboard */ = {
			isa = PBXVariantGroup;
			children = (
				CB6A71811DCA873E00A2C49B /* Base */,
			);
			name = LaunchScreen.storyboard;
			sourceTree = "<group>";
		};
/* End PBXVariantGroup section */

/* Begin XCBuildConfiguration section */
		CB6A71841DCA873E00A2C49B /* Debug */ = {
			isa = XCBuildConfiguration;
			buildSettings = {
				ALWAYS_SEARCH_USER_PATHS = NO;
				CLANG_ANALYZER_NONNULL = YES;
				CLANG_CXX_LANGUAGE_STANDARD = "gnu++0x";
				CLANG_CXX_LIBRARY = "libc++";
				CLANG_ENABLE_MODULES = YES;
				CLANG_ENABLE_OBJC_ARC = YES;
				CLANG_WARN_BOOL_CONVERSION = YES;
				CLANG_WARN_CONSTANT_CONVERSION = YES;
				CLANG_WARN_DIRECT_OBJC_ISA_USAGE = YES_ERROR;
				CLANG_WARN_DOCUMENTATION_COMMENTS = YES;
				CLANG_WARN_EMPTY_BODY = YES;
				CLANG_WARN_ENUM_CONVERSION = YES;
				CLANG_WARN_INFINITE_RECURSION = YES;
				CLANG_WARN_INT_CONVERSION = YES;
				CLANG_WARN_OBJC_ROOT_CLASS = YES_ERROR;
				CLANG_WARN_SUSPICIOUS_MOVES = YES;
				CLANG_WARN_UNREACHABLE_CODE = YES;
				CLANG_WARN__DUPLICATE_METHOD_MATCH = YES;
				"CODE_SIGN_IDENTITY[sdk=iphoneos*]" = "iPhone Developer";
				COPY_PHASE_STRIP = NO;
				DEBUG_INFORMATION_FORMAT = dwarf;
				ENABLE_STRICT_OBJC_MSGSEND = YES;
				ENABLE_TESTABILITY = YES;
				GCC_C_LANGUAGE_STANDARD = gnu99;
				GCC_DYNAMIC_NO_PIC = NO;
				GCC_NO_COMMON_BLOCKS = YES;
				GCC_OPTIMIZATION_LEVEL = 0;
				GCC_PREPROCESSOR_DEFINITIONS = (
					"DEBUG=1",
					"$(inherited)",
				);
				GCC_WARN_64_TO_32_BIT_CONVERSION = YES;
				GCC_WARN_ABOUT_RETURN_TYPE = YES_ERROR;
				GCC_WARN_UNDECLARED_SELECTOR = YES;
				GCC_WARN_UNINITIALIZED_AUTOS = YES_AGGRESSIVE;
				GCC_WARN_UNUSED_FUNCTION = YES;
				GCC_WARN_UNUSED_VARIABLE = YES;
				IPHONEOS_DEPLOYMENT_TARGET = 10.0;
				MTL_ENABLE_DEBUG_INFO = YES;
				ONLY_ACTIVE_ARCH = YES;
				SDKROOT = iphoneos;
				SWIFT_ACTIVE_COMPILATION_CONDITIONS = DEBUG;
				SWIFT_OPTIMIZATION_LEVEL = "-Onone";
			};
			name = Debug;
		};
		CB6A71851DCA873E00A2C49B /* Release */ = {
			isa = XCBuildConfiguration;
			buildSettings = {
				ALWAYS_SEARCH_USER_PATHS = NO;
				CLANG_ANALYZER_NONNULL = YES;
				CLANG_CXX_LANGUAGE_STANDARD = "gnu++0x";
				CLANG_CXX_LIBRARY = "libc++";
				CLANG_ENABLE_MODULES = YES;
				CLANG_ENABLE_OBJC_ARC = YES;
				CLANG_WARN_BOOL_CONVERSION = YES;
				CLANG_WARN_CONSTANT_CONVERSION = YES;
				CLANG_WARN_DIRECT_OBJC_ISA_USAGE = YES_ERROR;
				CLANG_WARN_DOCUMENTATION_COMMENTS = YES;
				CLANG_WARN_EMPTY_BODY = YES;
				CLANG_WARN_ENUM_CONVERSION = YES;
				CLANG_WARN_INFINITE_RECURSION = YES;
				CLANG_WARN_INT_CONVERSION = YES;
				CLANG_WARN_OBJC_ROOT_CLASS = YES_ERROR;
				CLANG_WARN_SUSPICIOUS_MOVES = YES;
				CLANG_WARN_UNREACHABLE_CODE = YES;
				CLANG_WARN__DUPLICATE_METHOD_MATCH = YES;
				"CODE_SIGN_IDENTITY[sdk=iphoneos*]" = "iPhone Developer";
				COPY_PHASE_STRIP = NO;
				DEBUG_INFORMATION_FORMAT = "dwarf-with-dsym";
				ENABLE_NS_ASSERTIONS = NO;
				ENABLE_STRICT_OBJC_MSGSEND = YES;
				GCC_C_LANGUAGE_STANDARD = gnu99;
				GCC_NO_COMMON_BLOCKS = YES;
				GCC_WARN_64_TO_32_BIT_CONVERSION = YES;
				GCC_WARN_ABOUT_RETURN_TYPE = YES_ERROR;
				GCC_WARN_UNDECLARED_SELECTOR = YES;
				GCC_WARN_UNINITIALIZED_AUTOS = YES_AGGRESSIVE;
				GCC_WARN_UNUSED_FUNCTION = YES;
				GCC_WARN_UNUSED_VARIABLE = YES;
				IPHONEOS_DEPLOYMENT_TARGET = 10.0;
				MTL_ENABLE_DEBUG_INFO = NO;
				SDKROOT = iphoneos;
				SWIFT_OPTIMIZATION_LEVEL = "-Owholemodule";
				VALIDATE_PRODUCT = YES;
			};
			name = Release;
		};
		CB6A71871DCA873E00A2C49B /* Debug */ = {
			isa = XCBuildConfiguration;
			baseConfigurationReference = 858CA8DD523BCCAF9359E7FD /* Pods-rainyshiny.debug.xcconfig */;
			buildSettings = {
				ASSETCATALOG_COMPILER_APPICON_NAME = AppIcon;
				INFOPLIST_FILE = rainyshiny/Info.plist;
				LD_RUNPATH_SEARCH_PATHS = "$(inherited) @executable_path/Frameworks";
				PRODUCT_BUNDLE_IDENTIFIER = com.weisk.rainyshiny;
				PRODUCT_NAME = "$(TARGET_NAME)";
				SWIFT_VERSION = 3.0;
			};
			name = Debug;
		};
		CB6A71881DCA873E00A2C49B /* Release */ = {
			isa = XCBuildConfiguration;
			baseConfigurationReference = AF273465D17BCCA97848A517 /* Pods-rainyshiny.release.xcconfig */;
			buildSettings = {
				ASSETCATALOG_COMPILER_APPICON_NAME = AppIcon;
				INFOPLIST_FILE = rainyshiny/Info.plist;
				LD_RUNPATH_SEARCH_PATHS = "$(inherited) @executable_path/Frameworks";
				PRODUCT_BUNDLE_IDENTIFIER = com.weisk.rainyshiny;
				PRODUCT_NAME = "$(TARGET_NAME)";
				SWIFT_VERSION = 3.0;
			};
			name = Release;
		};
/* End XCBuildConfiguration section */

/* Begin XCConfigurationList section */
		CB6A716F1DCA873E00A2C49B /* Build configuration list for PBXProject "rainyshiny" */ = {
			isa = XCConfigurationList;
			buildConfigurations = (
				CB6A71841DCA873E00A2C49B /* Debug */,
				CB6A71851DCA873E00A2C49B /* Release */,
			);
			defaultConfigurationIsVisible = 0;
			defaultConfigurationName = Release;
		};
		CB6A71861DCA873E00A2C49B /* Build configuration list for PBXNativeTarget "rainyshiny" */ = {
			isa = XCConfigurationList;
			buildConfigurations = (
				CB6A71871DCA873E00A2C49B /* Debug */,
				CB6A71881DCA873E00A2C49B /* Release */,
			);
			defaultConfigurationIsVisible = 0;
		};
/* End XCConfigurationList section */
	};
	rootObject = CB6A716C1DCA873E00A2C49B /* Project object */;
}
